
Microsoft Visual Studio Solution File, Format Version 12.00
# Visual Studio Version 17
VisualStudioVersion = 17.2.32616.157
MinimumVisualStudioVersion = 10.0.40219.1
Project("{FAE04EC0-301F-11D3-BF4B-00C04F79EFBC}") = "Selection_Statements", "Selection_Statements\Selection_Statements.csproj", "{5F07E369-8DF3-45A4-8DC3-6BB862F6E48A}"
EndProject
Global
	GlobalSection(SolutionConfigurationPlatforms) = preSolution
		Debug|Any CPU = Debug|Any CPU
		Release|Any CPU = Release|Any CPU
	EndGlobalSection
	GlobalSection(ProjectConfigurationPlatforms) = postSolution
		{5F07E369-8DF3-45A4-8DC3-6BB862F6E48A}.Debug|Any CPU.ActiveCfg = Debug|Any CPU
		{5F07E369-8DF3-45A4-8DC3-6BB862F6E48A}.Debug|Any CPU.Build.0 = Debug|Any CPU
		{5F07E369-8DF3-45A4-8DC3-6BB862F6E48A}.Release|Any CPU.ActiveCfg = Release|Any CPU
		{5F07E369-8DF3-45A4-8DC3-6BB862F6E48A}.Release|Any CPU.Build.0 = Release|Any CPU
	EndGlobalSection
	GlobalSection(SolutionProperties) = preSolution
		HideSolutionNode = FALSE
	EndGlobalSection
	GlobalSection(ExtensibilityGlobals) = postSolution
		SolutionGuid = {11B66DBC-D16D-4968-9C2D-6E7706F86548}
	EndGlobalSection
EndGlobal
